
Microsoft Visual Studio Solution File, Format Version 12.00
# Visual Studio 15
VisualStudioVersion = 15.0.28307.271
MinimumVisualStudioVersion = 10.0.40219.1
Project("{8BC9CEB8-8B4A-11D0-8D11-00A0C91BC942}") = "HW6", "HW6\HW6.vcxproj", "{6267958A-4BB1-408C-A044-8B23153134CE}"
EndProject
Global
	GlobalSection(SolutionConfigurationPlatforms) = preSolution
		Debug|x64 = Debug|x64
		Debug|x86 = Debug|x86
		Release|x64 = Release|x64
		Release|x86 = Release|x86
	EndGlobalSection
	GlobalSection(ProjectConfigurationPlatforms) = postSolution
		{6267958A-4BB1-408C-A044-8B23153134CE}.Debug|x64.ActiveCfg = Debug|x64
		{6267958A-4BB1-408C-A044-8B23153134CE}.Debug|x64.Build.0 = Debug|x64
		{6267958A-4BB1-408C-A044-8B23153134CE}.Debug|x86.ActiveCfg = Debug|Win32
		{6267958A-4BB1-408C-A044-8B23153134CE}.Debug|x86.Build.0 = Debug|Win32
		{6267958A-4BB1-408C-A044-8B23153134CE}.Release|x64.ActiveCfg = Release|x64
		{6267958A-4BB1-408C-A044-8B23153134CE}.Release|x64.Build.0 = Release|x64
		{6267958A-4BB1-408C-A044-8B23153134CE}.Release|x86.ActiveCfg = Release|Win32
		{6267958A-4BB1-408C-A044-8B23153134CE}.Release|x86.Build.0 = Release|Win32
	EndGlobalSection
	GlobalSection(SolutionProperties) = preSolution
		HideSolutionNode = FALSE
	EndGlobalSection
	GlobalSection(ExtensibilityGlobals) = postSolution
		SolutionGuid = {D93AEB85-F0C2-401C-95BF-E57F16671CDD}
	EndGlobalSection
EndGlobal
