
Microsoft Visual Studio Solution File, Format Version 12.00
# Visual Studio 15
VisualStudioVersion = 15.0.28307.271
MinimumVisualStudioVersion = 10.0.40219.1
Project("{8BC9CEB8-8B4A-11D0-8D11-00A0C91BC942}") = "HW2", "HW2\HW2.vcxproj", "{56FFEF3B-845A-4DBA-9D60-10AE1252EE43}"
EndProject
Project("{8BC9CEB8-8B4A-11D0-8D11-00A0C91BC942}") = "HW1", "..\..\..\source\repos\HW1\HW1\HW1.vcxproj", "{87F497F6-DBEB-4839-840E-70FB26337259}"
EndProject
Global
	GlobalSection(SolutionConfigurationPlatforms) = preSolution
		Debug|x64 = Debug|x64
		Debug|x86 = Debug|x86
		Release|x64 = Release|x64
		Release|x86 = Release|x86
	EndGlobalSection
	GlobalSection(ProjectConfigurationPlatforms) = postSolution
		{56FFEF3B-845A-4DBA-9D60-10AE1252EE43}.Debug|x64.ActiveCfg = Debug|x64
		{56FFEF3B-845A-4DBA-9D60-10AE1252EE43}.Debug|x64.Build.0 = Debug|x64
		{56FFEF3B-845A-4DBA-9D60-10AE1252EE43}.Debug|x86.ActiveCfg = Debug|Win32
		{56FFEF3B-845A-4DBA-9D60-10AE1252EE43}.Debug|x86.Build.0 = Debug|Win32
		{56FFEF3B-845A-4DBA-9D60-10AE1252EE43}.Release|x64.ActiveCfg = Release|x64
		{56FFEF3B-845A-4DBA-9D60-10AE1252EE43}.Release|x64.Build.0 = Release|x64
		{56FFEF3B-845A-4DBA-9D60-10AE1252EE43}.Release|x86.ActiveCfg = Release|Win32
		{56FFEF3B-845A-4DBA-9D60-10AE1252EE43}.Release|x86.Build.0 = Release|Win32
		{87F497F6-DBEB-4839-840E-70FB26337259}.Debug|x64.ActiveCfg = Debug|x64
		{87F497F6-DBEB-4839-840E-70FB26337259}.Debug|x64.Build.0 = Debug|x64
		{87F497F6-DBEB-4839-840E-70FB26337259}.Debug|x86.ActiveCfg = Debug|Win32
		{87F497F6-DBEB-4839-840E-70FB26337259}.Debug|x86.Build.0 = Debug|Win32
		{87F497F6-DBEB-4839-840E-70FB26337259}.Release|x64.ActiveCfg = Release|x64
		{87F497F6-DBEB-4839-840E-70FB26337259}.Release|x64.Build.0 = Release|x64
		{87F497F6-DBEB-4839-840E-70FB26337259}.Release|x86.ActiveCfg = Release|Win32
		{87F497F6-DBEB-4839-840E-70FB26337259}.Release|x86.Build.0 = Release|Win32
	EndGlobalSection
	GlobalSection(SolutionProperties) = preSolution
		HideSolutionNode = FALSE
	EndGlobalSection
	GlobalSection(ExtensibilityGlobals) = postSolution
		SolutionGuid = {5BD4C748-C3BA-46D1-818C-6EA457AEC1EF}
	EndGlobalSection
EndGlobal
